
Microsoft Visual Studio Solution File, Format Version 12.00
# Visual Studio Version 16
VisualStudioVersion = 16.0.31729.503
MinimumVisualStudioVersion = 10.0.40219.1
Project("{FAE04EC0-301F-11D3-BF4B-00C04F79EFBC}") = "Lab 1 (wpf)", "Lab 1 (wpf)\Lab 1 (wpf).csproj", "{9461FEE2-6373-4AF0-B5A0-CDA108EED3A0}"
EndProject
Global
	GlobalSection(SolutionConfigurationPlatforms) = preSolution
		Debug|Any CPU = Debug|Any CPU
		Release|Any CPU = Release|Any CPU
	EndGlobalSection
	GlobalSection(ProjectConfigurationPlatforms) = postSolution
		{9461FEE2-6373-4AF0-B5A0-CDA108EED3A0}.Debug|Any CPU.ActiveCfg = Debug|Any CPU
		{9461FEE2-6373-4AF0-B5A0-CDA108EED3A0}.Debug|Any CPU.Build.0 = Debug|Any CPU
		{9461FEE2-6373-4AF0-B5A0-CDA108EED3A0}.Release|Any CPU.ActiveCfg = Release|Any CPU
		{9461FEE2-6373-4AF0-B5A0-CDA108EED3A0}.Release|Any CPU.Build.0 = Release|Any CPU
	EndGlobalSection
	GlobalSection(SolutionProperties) = preSolution
		HideSolutionNode = FALSE
	EndGlobalSection
	GlobalSection(ExtensibilityGlobals) = postSolution
		SolutionGuid = {83BE55B8-9F01-46B0-B53B-A20B6AB0D01C}
	EndGlobalSection
EndGlobal
